{
    __meta__ = {
        version = "1.0"
    },
    ["linux|x86_64"] = {
        ["pkgconfig::dbus-1#f56260b5"] = {
            version = "latest"
        },
        ["pkgconfig::egl#f56260b5"] = {
            version = "latest"
        },
        ["pkgconfig::gl#f56260b5"] = {
            version = "latest"
        },
        ["pkgconfig::wayland-client#f56260b5"] = {
            version = "latest"
        },
        ["pkgconfig::wayland-egl#f56260b5"] = {
            version = "latest"
        },
        ["pkgconfig::x11#f56260b5"] = {
            version = "latest"
        },
        ["pkgconfig::xkbcommon#f56260b5"] = {
            version = "latest"
        },
        ["pkgconfig::xrandr#f56260b5"] = {
            version = "latest"
        }
    }
}